{
    "_readme": [
        "This file locks the dependencies of your project to a known state",
        "Read more about it at https://getcomposer.org/doc/01-basic-usage.md#composer-lock-the-lock-file",
        "This file is @generated automatically"
    ],
    "hash": "2b3206c01fe317973a52b6f155f895ff",
    "content-hash": "84141439a4586e7db954c07064c6d4df",
    "packages": [
        {
            "name": "emuravjev/mdash",
            "version": "dev-master",
            "source": {
                "type": "git",
                "url": "git@github.com:emuravjev/mdash.git",
                "reference": "master"
            },
            "dist": {
                "type": "zip",
                "url": "https://github.com/emuravjev/mdash/archive/master.zip",
                "reference": null,
                "shasum": null
            },
            "type": "library",
            "time": "2015-07-04 20:54:50"
        }
    ],
    "packages-dev": [],
    "aliases": [],
    "minimum-stability": "stable",
    "stability-flags": {
        "emuravjev/mdash": 20
    },
    "prefer-stable": false,
    "prefer-lowest": false,
    "platform": [],
    "platform-dev": []
}
