{
    "_readme": [
        "This file locks the dependencies of your project to a known state",
        "Read more about it at https://getcomposer.org/doc/01-basic-usage.md#composer-lock-the-lock-file",
        "This file is @generated automatically"
    ],
    "hash": "b5437ad6a8fb832d1db6afbba512a450",
    "content-hash": "e677471447e5fdf7a076a55ca36b34b4",
    "packages": [
        {
            "name": "emuravjev/mdash",
            "version": "dev-master",
            "dist": {
                "type": "zip",
                "url": "https://github.com/emuravjev/mdash/archive/master.zip",
                "reference": null,
                "shasum": null
            },
            "type": "library",
            "autoload": {
                "classmap": [
                    "src-php/EMT.php"
                ]
            }
        }
    ],
    "packages-dev": [],
    "aliases": [],
    "minimum-stability": "stable",
    "stability-flags": {
        "emuravjev/mdash": 20
    },
    "prefer-stable": false,
    "prefer-lowest": false,
    "platform": [],
    "platform-dev": []
}
